
Microsoft Visual Studio Solution File, Format Version 12.00
# Visual Studio Version 17
VisualStudioVersion = 17.4.33205.214
MinimumVisualStudioVersion = 10.0.40219.1
Project("{9A19103F-16F7-4668-BE54-9A1E7A4F7556}") = "ShopifyBilling", "ShopifyBilling.csproj", "{FBC9F1D3-6937-43D6-B028-A1DCC255D42A}"
EndProject
Global
	GlobalSection(SolutionConfigurationPlatforms) = preSolution
		Debug|Any CPU = Debug|Any CPU
		Release|Any CPU = Release|Any CPU
	EndGlobalSection
	GlobalSection(ProjectConfigurationPlatforms) = postSolution
		{FBC9F1D3-6937-43D6-B028-A1DCC255D42A}.Debug|Any CPU.ActiveCfg = Debug|Any CPU
		{FBC9F1D3-6937-43D6-B028-A1DCC255D42A}.Debug|Any CPU.Build.0 = Debug|Any CPU
		{FBC9F1D3-6937-43D6-B028-A1DCC255D42A}.Release|Any CPU.ActiveCfg = Release|Any CPU
		{FBC9F1D3-6937-43D6-B028-A1DCC255D42A}.Release|Any CPU.Build.0 = Release|Any CPU
	EndGlobalSection
	GlobalSection(SolutionProperties) = preSolution
		HideSolutionNode = FALSE
	EndGlobalSection
	GlobalSection(ExtensibilityGlobals) = postSolution
		SolutionGuid = {14630292-9DB1-4A98-9010-0E2196975F24}
	EndGlobalSection
EndGlobal
